
Microsoft Visual Studio Solution File, Format Version 12.00
# Visual Studio Version 16
VisualStudioVersion = 16.0.30717.126
MinimumVisualStudioVersion = 10.0.40219.1
Project("{FAE04EC0-301F-11D3-BF4B-00C04F79EFBC}") = "Task1", "Task1\Task1.csproj", "{7296FA59-98BD-4B0E-AD46-453E63B23512}"
EndProject
Project("{FAE04EC0-301F-11D3-BF4B-00C04F79EFBC}") = "Task2", "Task2\Task2.csproj", "{C71E153C-DBAE-41FC-BCC1-7888006B462F}"
EndProject
Global
	GlobalSection(SolutionConfigurationPlatforms) = preSolution
		Debug|Any CPU = Debug|Any CPU
		Release|Any CPU = Release|Any CPU
	EndGlobalSection
	GlobalSection(ProjectConfigurationPlatforms) = postSolution
		{7296FA59-98BD-4B0E-AD46-453E63B23512}.Debug|Any CPU.ActiveCfg = Debug|Any CPU
		{7296FA59-98BD-4B0E-AD46-453E63B23512}.Debug|Any CPU.Build.0 = Debug|Any CPU
		{7296FA59-98BD-4B0E-AD46-453E63B23512}.Release|Any CPU.ActiveCfg = Release|Any CPU
		{7296FA59-98BD-4B0E-AD46-453E63B23512}.Release|Any CPU.Build.0 = Release|Any CPU
		{C71E153C-DBAE-41FC-BCC1-7888006B462F}.Debug|Any CPU.ActiveCfg = Debug|Any CPU
		{C71E153C-DBAE-41FC-BCC1-7888006B462F}.Debug|Any CPU.Build.0 = Debug|Any CPU
		{C71E153C-DBAE-41FC-BCC1-7888006B462F}.Release|Any CPU.ActiveCfg = Release|Any CPU
		{C71E153C-DBAE-41FC-BCC1-7888006B462F}.Release|Any CPU.Build.0 = Release|Any CPU
	EndGlobalSection
	GlobalSection(SolutionProperties) = preSolution
		HideSolutionNode = FALSE
	EndGlobalSection
	GlobalSection(ExtensibilityGlobals) = postSolution
		SolutionGuid = {26D320BC-03C3-42AB-B005-C6433A600843}
	EndGlobalSection
EndGlobal
